
Microsoft Visual Studio Solution File, Format Version 12.00
# Visual Studio Version 17
VisualStudioVersion = 17.10.34928.147
MinimumVisualStudioVersion = 10.0.40219.1
Project("{FAE04EC0-301F-11D3-BF4B-00C04F79EFBC}") = "RevolutionalCalculator", "RevolutionalCalculator\RevolutionalCalculator.csproj", "{B7EB0235-A5E8-4517-91A7-2692948D0E28}"
EndProject
Global
	GlobalSection(SolutionConfigurationPlatforms) = preSolution
		Debug|Any CPU = Debug|Any CPU
		Release|Any CPU = Release|Any CPU
	EndGlobalSection
	GlobalSection(ProjectConfigurationPlatforms) = postSolution
		{B7EB0235-A5E8-4517-91A7-2692948D0E28}.Debug|Any CPU.ActiveCfg = Debug|Any CPU
		{B7EB0235-A5E8-4517-91A7-2692948D0E28}.Debug|Any CPU.Build.0 = Debug|Any CPU
		{B7EB0235-A5E8-4517-91A7-2692948D0E28}.Release|Any CPU.ActiveCfg = Release|Any CPU
		{B7EB0235-A5E8-4517-91A7-2692948D0E28}.Release|Any CPU.Build.0 = Release|Any CPU
	EndGlobalSection
	GlobalSection(SolutionProperties) = preSolution
		HideSolutionNode = FALSE
	EndGlobalSection
	GlobalSection(ExtensibilityGlobals) = postSolution
		SolutionGuid = {439D2C4F-2553-4A7D-9624-89853EF568AF}
	EndGlobalSection
EndGlobal
